
Microsoft Visual Studio Solution File, Format Version 12.00
# Visual Studio Version 17
VisualStudioVersion = 17.14.36414.22
MinimumVisualStudioVersion = 10.0.40219.1
Project("{FAE04EC0-301F-11D3-BF4B-00C04F79EFBC}") = "CincoAcadimy", "CincoAcadimy\CincoAcadimy.csproj", "{AE660A43-DDD7-41AE-963E-40BC10B492B7}"
EndProject
Global
	GlobalSection(SolutionConfigurationPlatforms) = preSolution
		Debug|Any CPU = Debug|Any CPU
		Release|Any CPU = Release|Any CPU
	EndGlobalSection
	GlobalSection(ProjectConfigurationPlatforms) = postSolution
		{AE660A43-DDD7-41AE-963E-40BC10B492B7}.Debug|Any CPU.ActiveCfg = Debug|Any CPU
		{AE660A43-DDD7-41AE-963E-40BC10B492B7}.Debug|Any CPU.Build.0 = Debug|Any CPU
		{AE660A43-DDD7-41AE-963E-40BC10B492B7}.Release|Any CPU.ActiveCfg = Release|Any CPU
		{AE660A43-DDD7-41AE-963E-40BC10B492B7}.Release|Any CPU.Build.0 = Release|Any CPU
	EndGlobalSection
	GlobalSection(SolutionProperties) = preSolution
		HideSolutionNode = FALSE
	EndGlobalSection
	GlobalSection(ExtensibilityGlobals) = postSolution
		SolutionGuid = {B5C632D4-C665-40B0-AC75-EABFBCA79598}
	EndGlobalSection
EndGlobal
